
Microsoft Visual Studio Solution File, Format Version 12.00
Project("{FAE04EC0-301F-11D3-BF4B-00C04F79EFBC}") = "dotnet-performance-workshop-1", "dotnet-performance-workshop-1.csproj", "{52E6D307-E2B0-463C-888E-66042F0C0081}"
EndProject
Global
	GlobalSection(SolutionConfigurationPlatforms) = preSolution
		Debug|Any CPU = Debug|Any CPU
		Release|Any CPU = Release|Any CPU
	EndGlobalSection
	GlobalSection(ProjectConfigurationPlatforms) = postSolution
		{52E6D307-E2B0-463C-888E-66042F0C0081}.Debug|Any CPU.ActiveCfg = Debug|Any CPU
		{52E6D307-E2B0-463C-888E-66042F0C0081}.Debug|Any CPU.Build.0 = Debug|Any CPU
		{52E6D307-E2B0-463C-888E-66042F0C0081}.Release|Any CPU.ActiveCfg = Release|Any CPU
		{52E6D307-E2B0-463C-888E-66042F0C0081}.Release|Any CPU.Build.0 = Release|Any CPU
	EndGlobalSection
EndGlobal
