
Microsoft Visual Studio Solution File, Format Version 12.00
Project("{FAE04EC0-301F-11D3-BF4B-00C04F79EFBC}") = "dotnet-performance-workshop-2.Console", "dotnet-performance-workshop-2.Console\dotnet-performance-workshop-2.Console.csproj", "{33F1C61E-1437-4366-9487-AA93F076EEA0}"
EndProject
Project("{FAE04EC0-301F-11D3-BF4B-00C04F79EFBC}") = "dotnet-performance-workshop-2.Tests", "dotnet-performance-workshop-2.Tests\dotnet-performance-workshop-2.Tests.csproj", "{BC5E3E49-0328-4DAB-B288-CB273395E420}"
EndProject
Global
	GlobalSection(SolutionConfigurationPlatforms) = preSolution
		Debug|Any CPU = Debug|Any CPU
		Release|Any CPU = Release|Any CPU
	EndGlobalSection
	GlobalSection(ProjectConfigurationPlatforms) = postSolution
		{33F1C61E-1437-4366-9487-AA93F076EEA0}.Debug|Any CPU.ActiveCfg = Debug|Any CPU
		{33F1C61E-1437-4366-9487-AA93F076EEA0}.Debug|Any CPU.Build.0 = Debug|Any CPU
		{33F1C61E-1437-4366-9487-AA93F076EEA0}.Release|Any CPU.ActiveCfg = Release|Any CPU
		{33F1C61E-1437-4366-9487-AA93F076EEA0}.Release|Any CPU.Build.0 = Release|Any CPU
		{BC5E3E49-0328-4DAB-B288-CB273395E420}.Debug|Any CPU.ActiveCfg = Debug|Any CPU
		{BC5E3E49-0328-4DAB-B288-CB273395E420}.Debug|Any CPU.Build.0 = Debug|Any CPU
		{BC5E3E49-0328-4DAB-B288-CB273395E420}.Release|Any CPU.ActiveCfg = Release|Any CPU
		{BC5E3E49-0328-4DAB-B288-CB273395E420}.Release|Any CPU.Build.0 = Release|Any CPU
	EndGlobalSection
EndGlobal
